
Microsoft Visual Studio Solution File, Format Version 12.00
# Visual Studio Version 17
VisualStudioVersion = 17.4.33205.214
MinimumVisualStudioVersion = 10.0.40219.1
Project("{FAE04EC0-301F-11D3-BF4B-00C04F79EFBC}") = "18.02.2023", "18.02.2023\18.02.2023.csproj", "{4246F0B3-60E5-4109-AA95-1BE213EB0BB3}"
EndProject
Global
	GlobalSection(SolutionConfigurationPlatforms) = preSolution
		Debug|Any CPU = Debug|Any CPU
		Release|Any CPU = Release|Any CPU
	EndGlobalSection
	GlobalSection(ProjectConfigurationPlatforms) = postSolution
		{4246F0B3-60E5-4109-AA95-1BE213EB0BB3}.Debug|Any CPU.ActiveCfg = Debug|Any CPU
		{4246F0B3-60E5-4109-AA95-1BE213EB0BB3}.Debug|Any CPU.Build.0 = Debug|Any CPU
		{4246F0B3-60E5-4109-AA95-1BE213EB0BB3}.Release|Any CPU.ActiveCfg = Release|Any CPU
		{4246F0B3-60E5-4109-AA95-1BE213EB0BB3}.Release|Any CPU.Build.0 = Release|Any CPU
	EndGlobalSection
	GlobalSection(SolutionProperties) = preSolution
		HideSolutionNode = FALSE
	EndGlobalSection
	GlobalSection(ExtensibilityGlobals) = postSolution
		SolutionGuid = {5D2C83B5-C02B-4436-AEAD-B3B26C164F54}
	EndGlobalSection
EndGlobal
